
Microsoft Visual Studio Solution File, Format Version 12.00
# Visual Studio Version 17
VisualStudioVersion = 17.14.36414.22 d17.14
MinimumVisualStudioVersion = 10.0.40219.1
Project("{FAE04EC0-301F-11D3-BF4B-00C04F79EFBC}") = "SimpleRoutingApp", "SimpleRoutingApp\SimpleRoutingApp.csproj", "{851052A1-E4CE-4D5F-B2C7-DE676571B9EA}"
EndProject
Global
	GlobalSection(SolutionConfigurationPlatforms) = preSolution
		Debug|Any CPU = Debug|Any CPU
		Release|Any CPU = Release|Any CPU
	EndGlobalSection
	GlobalSection(ProjectConfigurationPlatforms) = postSolution
		{851052A1-E4CE-4D5F-B2C7-DE676571B9EA}.Debug|Any CPU.ActiveCfg = Debug|Any CPU
		{851052A1-E4CE-4D5F-B2C7-DE676571B9EA}.Debug|Any CPU.Build.0 = Debug|Any CPU
		{851052A1-E4CE-4D5F-B2C7-DE676571B9EA}.Release|Any CPU.ActiveCfg = Release|Any CPU
		{851052A1-E4CE-4D5F-B2C7-DE676571B9EA}.Release|Any CPU.Build.0 = Release|Any CPU
	EndGlobalSection
	GlobalSection(SolutionProperties) = preSolution
		HideSolutionNode = FALSE
	EndGlobalSection
	GlobalSection(ExtensibilityGlobals) = postSolution
		SolutionGuid = {7B6BFDEA-B830-40DE-AAFA-C62BE22701A2}
	EndGlobalSection
EndGlobal
